<?xml version="1.0" encoding="UTF-8" standalone="yes" ?>
<CodeBlocks_project_file>
	<FileVersion major="1" minor="6" />
	<Project>
		<Option title="luaregex" />
		<Option pch_mode="2" />
		<Option compiler="gnu_gcc_compiler_static" />
		<Build>
			<Target title="Debug">
				<Option output="luaregex" prefix_auto="1" extension_auto="1" />
				<Option object_output="obj\Debug\" />
				<Option type="1" />
				<Option compiler="gnu_gcc_compiler_static" />
				<Compiler>
					<Add option="-g" />
				</Compiler>
			</Target>
			<Target title="Release">
				<Option output="luaregex" prefix_auto="1" extension_auto="1" />
				<Option object_output="obj\Release\" />
				<Option type="1" />
				<Option compiler="gnu_gcc_compiler_static" />
				<Compiler>
					<Add option="-O2" />
				</Compiler>
				<Linker>
					<Add option="-s" />
				</Linker>
			</Target>
		</Build>
		<Compiler>
			<Add option="-Wall" />
			<Add option="-fexceptions" />
			<Add directory="..\..\lib" />
		</Compiler>
		<Unit filename="lua-regex.c">
			<Option compilerVar="CC" />
		</Unit>
		<Unit filename="lua-regex.h" />
		<Unit filename="test.cpp" />
		<Extensions>
			<code_completion />
			<debugger />
		</Extensions>
	</Project>
</CodeBlocks_project_file>
